dependencies:
  esp_lcd_sh8601:
    dependencies: []
    source:
      path: /home/david/dev/adhme/components/esp_lcd_sh8601
      type: local
    version: 1.0.0
  espressif/cmake_utilities:
    dependencies: []
    source:
      path: /home/david/dev/adhme/components/espressif__cmake_utilities
      type: local
    version: 0.5.3
  espressif/es8311:
    dependencies: []
    source:
      path: /home/david/dev/adhme/components/espressif__es8311
      type: local
    version: 1.0.0~1
  espressif/esp_io_expander:
    component_hash: 7b7f91270172e46ca4597e3874f48d8412e280e8c295559f5922ec38656e3e5f
    dependencies:
    - name: idf
      require: private
      version: '>=4.4.2'
    source:
      registry_url: https://components.espressif.com
      type: service
    version: 1.2.1
  espressif/esp_io_expander_tca9554:
    component_hash: e9e49ddb1038c2b54b13c51b5e3e6dbdd10a878959c8ab0e0a7c8206316add61
    dependencies:
    - name: idf
      require: private
      version: '>=4.4.2'
    - name: espressif/esp_io_expander
      registry_url: https://components.espressif.com
      require: private
      version: ^1.0.1
    source:
      registry_url: https://components.espressif.com/
      type: service
    version: 1.0.1
  espressif/esp_lcd_touch:
    dependencies: []
    source:
      path: /home/david/dev/adhme/components/espressif__esp_lcd_touch
      type: local
    version: 1.1.1
  espressif/esp_lcd_touch_ft5x06:
    dependencies: []
    source:
      path: /home/david/dev/adhme/components/espressif__esp_lcd_touch_ft5x06
      type: local
    version: 1.0.6
  idf:
    source:
      type: idf
    version: 5.3.5
  lvgl/lvgl:
    component_hash: 184e532558c1c45fefed631f3e235423d22582aafb4630f3e8885c35281a49ae
    dependencies: []
    source:
      registry_url: https://components.espressif.com/
      type: service
    version: 9.5.0
direct_dependencies:
- esp_lcd_sh8601
- espressif/cmake_utilities
- espressif/es8311
- espressif/esp_io_expander_tca9554
- espressif/esp_lcd_touch
- espressif/esp_lcd_touch_ft5x06
- idf
- lvgl/lvgl
manifest_hash: 445ac98884397065fd3f46f76215973b7a0bdd273f88a0963adebf951e5acf2a
target: esp32s3
version: 2.0.0
